
Microsoft Visual Studio Solution File, Format Version 12.00
# Visual Studio 15
VisualStudioVersion = 15.0.27428.2043
MinimumVisualStudioVersion = 10.0.40219.1
Project("{2150E333-8FDC-42A3-9474-1A3956D46DE8}") = "src", "src", "{B5F366B3-17D0-455A-A4FB-328BE382D0D3}"
EndProject
Project("{9A19103F-16F7-4668-BE54-9A1E7A4F7556}") = "SlackSharp", "src\SlackSharp\SlackSharp.csproj", "{DD20E859-D4FC-4F30-B175-30F594AA952D}"
EndProject
Global
	GlobalSection(SolutionConfigurationPlatforms) = preSolution
		Debug|Any CPU = Debug|Any CPU
		Release|Any CPU = Release|Any CPU
	EndGlobalSection
	GlobalSection(ProjectConfigurationPlatforms) = postSolution
		{DD20E859-D4FC-4F30-B175-30F594AA952D}.Debug|Any CPU.ActiveCfg = Debug|Any CPU
		{DD20E859-D4FC-4F30-B175-30F594AA952D}.Debug|Any CPU.Build.0 = Debug|Any CPU
		{DD20E859-D4FC-4F30-B175-30F594AA952D}.Release|Any CPU.ActiveCfg = Release|Any CPU
		{DD20E859-D4FC-4F30-B175-30F594AA952D}.Release|Any CPU.Build.0 = Release|Any CPU
	EndGlobalSection
	GlobalSection(SolutionProperties) = preSolution
		HideSolutionNode = FALSE
	EndGlobalSection
	GlobalSection(NestedProjects) = preSolution
		{DD20E859-D4FC-4F30-B175-30F594AA952D} = {B5F366B3-17D0-455A-A4FB-328BE382D0D3}
	EndGlobalSection
	GlobalSection(ExtensibilityGlobals) = postSolution
		SolutionGuid = {F65DBD8A-CED8-4FFE-B5DB-6D2C515035AE}
	EndGlobalSection
EndGlobal
