
Microsoft Visual Studio Solution File, Format Version 12.00
# Visual Studio 15
VisualStudioVersion = 15.0.27428.2043
MinimumVisualStudioVersion = 10.0.40219.1
Project("{2150E333-8FDC-42A3-9474-1A3956D46DE8}") = "src", "src", "{B5F366B3-17D0-455A-A4FB-328BE382D0D3}"
EndProject
Project("{9A19103F-16F7-4668-BE54-9A1E7A4F7556}") = "SlackSharp", "src\SlackSharp\SlackSharp.csproj", "{DD20E859-D4FC-4F30-B175-30F594AA952D}"
EndProject
Project("{2150E333-8FDC-42A3-9474-1A3956D46DE8}") = "test", "test", "{31B4C456-839A-45CB-A285-C02CE1FABA18}"
EndProject
Project("{9A19103F-16F7-4668-BE54-9A1E7A4F7556}") = "SlackSharp.Tests", "test\SlackSharp.Tests\SlackSharp.Tests.csproj", "{52117460-413C-473F-BFC9-95E78E162FF1}"
EndProject
Project("{9A19103F-16F7-4668-BE54-9A1E7A4F7556}") = "SlackSharp.Serialization.JsonNet", "src\SlackSharp.Serialization.JsonNet\SlackSharp.Serialization.JsonNet.csproj", "{DDAF4C92-A31A-40C2-8CE8-86249C9400C9}"
EndProject
Project("{9A19103F-16F7-4668-BE54-9A1E7A4F7556}") = "SlackSharp.Serialization.Jil", "src\SlackSharp.Serialization.Jil\SlackSharp.Serialization.Jil.csproj", "{6A17437E-3A58-41FA-AC59-06B9BFD7F682}"
EndProject
Project("{9A19103F-16F7-4668-BE54-9A1E7A4F7556}") = "SlackSharp.Serialization.Utf8Json", "src\SlackSharp.Serialization.Utf8Json\SlackSharp.Serialization.Utf8Json.csproj", "{0AE6A3D5-73E7-4028-B94D-96CBE17260FF}"
EndProject
Project("{FAE04EC0-301F-11D3-BF4B-00C04F79EFBC}") = "SlackSharp.Serialization.JsonNet.Tests", "test\SlackSharp.Serialization.JsonNet.Tests\SlackSharp.Serialization.JsonNet.Tests.csproj", "{2BF3421C-71B1-4550-B204-81659FF0E85F}"
EndProject
Project("{FAE04EC0-301F-11D3-BF4B-00C04F79EFBC}") = "SlackSharp.Serialization.Jil.Tests", "test\SlackSharp.Serialization.Jil.Tests\SlackSharp.Serialization.Jil.Tests.csproj", "{8FF62C18-9E14-4921-8492-F87783B4923A}"
EndProject
Global
	GlobalSection(SolutionConfigurationPlatforms) = preSolution
		Debug|Any CPU = Debug|Any CPU
		Release|Any CPU = Release|Any CPU
	EndGlobalSection
	GlobalSection(ProjectConfigurationPlatforms) = postSolution
		{DD20E859-D4FC-4F30-B175-30F594AA952D}.Debug|Any CPU.ActiveCfg = Debug|Any CPU
		{DD20E859-D4FC-4F30-B175-30F594AA952D}.Debug|Any CPU.Build.0 = Debug|Any CPU
		{DD20E859-D4FC-4F30-B175-30F594AA952D}.Release|Any CPU.ActiveCfg = Release|Any CPU
		{DD20E859-D4FC-4F30-B175-30F594AA952D}.Release|Any CPU.Build.0 = Release|Any CPU
		{52117460-413C-473F-BFC9-95E78E162FF1}.Debug|Any CPU.ActiveCfg = Debug|Any CPU
		{52117460-413C-473F-BFC9-95E78E162FF1}.Debug|Any CPU.Build.0 = Debug|Any CPU
		{52117460-413C-473F-BFC9-95E78E162FF1}.Release|Any CPU.ActiveCfg = Release|Any CPU
		{52117460-413C-473F-BFC9-95E78E162FF1}.Release|Any CPU.Build.0 = Release|Any CPU
		{DDAF4C92-A31A-40C2-8CE8-86249C9400C9}.Debug|Any CPU.ActiveCfg = Debug|Any CPU
		{DDAF4C92-A31A-40C2-8CE8-86249C9400C9}.Debug|Any CPU.Build.0 = Debug|Any CPU
		{DDAF4C92-A31A-40C2-8CE8-86249C9400C9}.Release|Any CPU.ActiveCfg = Release|Any CPU
		{DDAF4C92-A31A-40C2-8CE8-86249C9400C9}.Release|Any CPU.Build.0 = Release|Any CPU
		{6A17437E-3A58-41FA-AC59-06B9BFD7F682}.Debug|Any CPU.ActiveCfg = Debug|Any CPU
		{6A17437E-3A58-41FA-AC59-06B9BFD7F682}.Debug|Any CPU.Build.0 = Debug|Any CPU
		{6A17437E-3A58-41FA-AC59-06B9BFD7F682}.Release|Any CPU.ActiveCfg = Release|Any CPU
		{6A17437E-3A58-41FA-AC59-06B9BFD7F682}.Release|Any CPU.Build.0 = Release|Any CPU
		{0AE6A3D5-73E7-4028-B94D-96CBE17260FF}.Debug|Any CPU.ActiveCfg = Debug|Any CPU
		{0AE6A3D5-73E7-4028-B94D-96CBE17260FF}.Debug|Any CPU.Build.0 = Debug|Any CPU
		{0AE6A3D5-73E7-4028-B94D-96CBE17260FF}.Release|Any CPU.ActiveCfg = Release|Any CPU
		{0AE6A3D5-73E7-4028-B94D-96CBE17260FF}.Release|Any CPU.Build.0 = Release|Any CPU
		{2BF3421C-71B1-4550-B204-81659FF0E85F}.Debug|Any CPU.ActiveCfg = Debug|Any CPU
		{2BF3421C-71B1-4550-B204-81659FF0E85F}.Debug|Any CPU.Build.0 = Debug|Any CPU
		{2BF3421C-71B1-4550-B204-81659FF0E85F}.Release|Any CPU.ActiveCfg = Release|Any CPU
		{2BF3421C-71B1-4550-B204-81659FF0E85F}.Release|Any CPU.Build.0 = Release|Any CPU
		{8FF62C18-9E14-4921-8492-F87783B4923A}.Debug|Any CPU.ActiveCfg = Debug|Any CPU
		{8FF62C18-9E14-4921-8492-F87783B4923A}.Debug|Any CPU.Build.0 = Debug|Any CPU
		{8FF62C18-9E14-4921-8492-F87783B4923A}.Release|Any CPU.ActiveCfg = Release|Any CPU
		{8FF62C18-9E14-4921-8492-F87783B4923A}.Release|Any CPU.Build.0 = Release|Any CPU
	EndGlobalSection
	GlobalSection(SolutionProperties) = preSolution
		HideSolutionNode = FALSE
	EndGlobalSection
	GlobalSection(NestedProjects) = preSolution
		{DD20E859-D4FC-4F30-B175-30F594AA952D} = {B5F366B3-17D0-455A-A4FB-328BE382D0D3}
		{52117460-413C-473F-BFC9-95E78E162FF1} = {31B4C456-839A-45CB-A285-C02CE1FABA18}
		{DDAF4C92-A31A-40C2-8CE8-86249C9400C9} = {B5F366B3-17D0-455A-A4FB-328BE382D0D3}
		{6A17437E-3A58-41FA-AC59-06B9BFD7F682} = {B5F366B3-17D0-455A-A4FB-328BE382D0D3}
		{0AE6A3D5-73E7-4028-B94D-96CBE17260FF} = {B5F366B3-17D0-455A-A4FB-328BE382D0D3}
		{2BF3421C-71B1-4550-B204-81659FF0E85F} = {31B4C456-839A-45CB-A285-C02CE1FABA18}
		{8FF62C18-9E14-4921-8492-F87783B4923A} = {31B4C456-839A-45CB-A285-C02CE1FABA18}
	EndGlobalSection
	GlobalSection(ExtensibilityGlobals) = postSolution
		SolutionGuid = {F65DBD8A-CED8-4FFE-B5DB-6D2C515035AE}
	EndGlobalSection
EndGlobal
